Microsoft Visual Studio Solution File, Format Version 7.00
Project("{8BC9CEB8-8B4A-11D0-8D11-00A0C91BC942}") = "basic", "zerofpsv2\basic\basic.vcproj", "{FB76C56B-531F-4E8B-AB02-016A404D94DF}"
EndProject
Project("{8BC9CEB8-8B4A-11D0-8D11-00A0C91BC942}") = "engine", "zerofpsv2\engine\engine.vcproj", "{46758794-ED24-4197-A1F3-C621C2E472D6}"
EndProject
Project("{8BC9CEB8-8B4A-11D0-8D11-00A0C91BC942}") = "gui", "zerofpsv2\gui\gui.vcproj", "{AA97C93B-AA99-4E82-855C-ECD9D3E1A204}"
EndProject
Project("{8BC9CEB8-8B4A-11D0-8D11-00A0C91BC942}") = "mcommon", "mcommon\mcommon.vcproj", "{DF25CBF3-FFD9-4152-8C52-FEF5BBD0A75A}"
EndProject
Project("{8BC9CEB8-8B4A-11D0-8D11-00A0C91BC942}") = "mistclient", "mistclient\mistclient.vcproj", "{CB9A32F3-0E64-4711-A01C-E55A2437842A}"
EndProject
Project("{8BC9CEB8-8B4A-11D0-8D11-00A0C91BC942}") = "mistserver", "mistserver\mistserver.vcproj", "{CB32C4BC-CD94-424B-B846-938A84785770}"
EndProject
Project("{8BC9CEB8-8B4A-11D0-8D11-00A0C91BC942}") = "physics_engine", "zerofpsv2\physics_engine\physics_engine.vcproj", "{8FD9A26B-EDF8-4F63-A3C9-08EFA00D2E8F}"
EndProject
Project("{8BC9CEB8-8B4A-11D0-8D11-00A0C91BC942}") = "render", "zerofpsv2\render\render.vcproj", "{B5AABCAE-26EB-4845-9595-DD9E4A9AC050}"
EndProject
Project("{8BC9CEB8-8B4A-11D0-8D11-00A0C91BC942}") = "script", "zerofpsv2\script\script.vcproj", "{4801AF68-632F-48E6-B71C-3E04978DD6DD}"
EndProject
Project("{8BC9CEB8-8B4A-11D0-8D11-00A0C91BC942}") = "src", "src.vcproj", "{A94A37CC-0067-4791-BDFE-05C311B79924}"
EndProject
Project("{8BC9CEB8-8B4A-11D0-8D11-00A0C91BC942}") = "zgresedit", "zgresedit\zgresedit.vcproj", "{03FA3496-440F-4378-BA58-2F6996C81648}"
EndProject
Global
	GlobalSection(SolutionConfiguration) = preSolution
		ConfigName.0 = Debug
		ConfigName.1 = Release
	EndGlobalSection
	GlobalSection(ProjectDependencies) = postSolution
		{46758794-ED24-4197-A1F3-C621C2E472D6}.0 = {4801AF68-632F-48E6-B71C-3E04978DD6DD}
		{46758794-ED24-4197-A1F3-C621C2E472D6}.1 = {B5AABCAE-26EB-4845-9595-DD9E4A9AC050}
		{46758794-ED24-4197-A1F3-C621C2E472D6}.2 = {8FD9A26B-EDF8-4F63-A3C9-08EFA00D2E8F}
		{46758794-ED24-4197-A1F3-C621C2E472D6}.3 = {AA97C93B-AA99-4E82-855C-ECD9D3E1A204}
		{46758794-ED24-4197-A1F3-C621C2E472D6}.4 = {FB76C56B-531F-4E8B-AB02-016A404D94DF}
		{AA97C93B-AA99-4E82-855C-ECD9D3E1A204}.0 = {4801AF68-632F-48E6-B71C-3E04978DD6DD}
		{AA97C93B-AA99-4E82-855C-ECD9D3E1A204}.1 = {B5AABCAE-26EB-4845-9595-DD9E4A9AC050}
		{AA97C93B-AA99-4E82-855C-ECD9D3E1A204}.2 = {FB76C56B-531F-4E8B-AB02-016A404D94DF}
		{CB9A32F3-0E64-4711-A01C-E55A2437842A}.0 = {DF25CBF3-FFD9-4152-8C52-FEF5BBD0A75A}
		{CB9A32F3-0E64-4711-A01C-E55A2437842A}.1 = {46758794-ED24-4197-A1F3-C621C2E472D6}
		{CB32C4BC-CD94-424B-B846-938A84785770}.0 = {DF25CBF3-FFD9-4152-8C52-FEF5BBD0A75A}
		{CB32C4BC-CD94-424B-B846-938A84785770}.1 = {46758794-ED24-4197-A1F3-C621C2E472D6}
		{8FD9A26B-EDF8-4F63-A3C9-08EFA00D2E8F}.0 = {FB76C56B-531F-4E8B-AB02-016A404D94DF}
		{B5AABCAE-26EB-4845-9595-DD9E4A9AC050}.0 = {FB76C56B-531F-4E8B-AB02-016A404D94DF}
		{4801AF68-632F-48E6-B71C-3E04978DD6DD}.0 = {FB76C56B-531F-4E8B-AB02-016A404D94DF}
		{A94A37CC-0067-4791-BDFE-05C311B79924}.0 = {CB32C4BC-CD94-424B-B846-938A84785770}
		{A94A37CC-0067-4791-BDFE-05C311B79924}.1 = {CB9A32F3-0E64-4711-A01C-E55A2437842A}
		{03FA3496-440F-4378-BA58-2F6996C81648}.0 = {46758794-ED24-4197-A1F3-C621C2E472D6}
		{03FA3496-440F-4378-BA58-2F6996C81648}.1 = {AA97C93B-AA99-4E82-855C-ECD9D3E1A204}
	EndGlobalSection
	GlobalSection(ProjectConfiguration) = postSolution
		{FB76C56B-531F-4E8B-AB02-016A404D94DF}.Debug.ActiveCfg = Debug|Win32
		{FB76C56B-531F-4E8B-AB02-016A404D94DF}.Debug.Build.0 = Debug|Win32
		{FB76C56B-531F-4E8B-AB02-016A404D94DF}.Release.ActiveCfg = Release|Win32
		{FB76C56B-531F-4E8B-AB02-016A404D94DF}.Release.Build.0 = Release|Win32
		{46758794-ED24-4197-A1F3-C621C2E472D6}.Debug.ActiveCfg = Debug|Win32
		{46758794-ED24-4197-A1F3-C621C2E472D6}.Debug.Build.0 = Debug|Win32
		{46758794-ED24-4197-A1F3-C621C2E472D6}.Release.ActiveCfg = Release|Win32
		{46758794-ED24-4197-A1F3-C621C2E472D6}.Release.Build.0 = Release|Win32
		{AA97C93B-AA99-4E82-855C-ECD9D3E1A204}.Debug.ActiveCfg = Debug|Win32
		{AA97C93B-AA99-4E82-855C-ECD9D3E1A204}.Debug.Build.0 = Debug|Win32
		{AA97C93B-AA99-4E82-855C-ECD9D3E1A204}.Release.ActiveCfg = Release|Win32
		{AA97C93B-AA99-4E82-855C-ECD9D3E1A204}.Release.Build.0 = Release|Win32
		{DF25CBF3-FFD9-4152-8C52-FEF5BBD0A75A}.Debug.ActiveCfg = Debug|Win32
		{DF25CBF3-FFD9-4152-8C52-FEF5BBD0A75A}.Debug.Build.0 = Debug|Win32
		{DF25CBF3-FFD9-4152-8C52-FEF5BBD0A75A}.Release.ActiveCfg = Release|Win32
		{DF25CBF3-FFD9-4152-8C52-FEF5BBD0A75A}.Release.Build.0 = Release|Win32
		{CB9A32F3-0E64-4711-A01C-E55A2437842A}.Debug.ActiveCfg = Debug|Win32
		{CB9A32F3-0E64-4711-A01C-E55A2437842A}.Debug.Build.0 = Debug|Win32
		{CB9A32F3-0E64-4711-A01C-E55A2437842A}.Release.ActiveCfg = Release|Win32
		{CB9A32F3-0E64-4711-A01C-E55A2437842A}.Release.Build.0 = Release|Win32
		{CB32C4BC-CD94-424B-B846-938A84785770}.Debug.ActiveCfg = Debug|Win32
		{CB32C4BC-CD94-424B-B846-938A84785770}.Debug.Build.0 = Debug|Win32
		{CB32C4BC-CD94-424B-B846-938A84785770}.Release.ActiveCfg = Release|Win32
		{CB32C4BC-CD94-424B-B846-938A84785770}.Release.Build.0 = Release|Win32
		{8FD9A26B-EDF8-4F63-A3C9-08EFA00D2E8F}.Debug.ActiveCfg = Debug|Win32
		{8FD9A26B-EDF8-4F63-A3C9-08EFA00D2E8F}.Debug.Build.0 = Debug|Win32
		{8FD9A26B-EDF8-4F63-A3C9-08EFA00D2E8F}.Release.ActiveCfg = Release|Win32
		{8FD9A26B-EDF8-4F63-A3C9-08EFA00D2E8F}.Release.Build.0 = Release|Win32
		{B5AABCAE-26EB-4845-9595-DD9E4A9AC050}.Debug.ActiveCfg = Debug|Win32
		{B5AABCAE-26EB-4845-9595-DD9E4A9AC050}.Debug.Build.0 = Debug|Win32
		{B5AABCAE-26EB-4845-9595-DD9E4A9AC050}.Release.ActiveCfg = Release|Win32
		{B5AABCAE-26EB-4845-9595-DD9E4A9AC050}.Release.Build.0 = Release|Win32
		{4801AF68-632F-48E6-B71C-3E04978DD6DD}.Debug.ActiveCfg = Debug|Win32
		{4801AF68-632F-48E6-B71C-3E04978DD6DD}.Debug.Build.0 = Debug|Win32
		{4801AF68-632F-48E6-B71C-3E04978DD6DD}.Release.ActiveCfg = Release|Win32
		{4801AF68-632F-48E6-B71C-3E04978DD6DD}.Release.Build.0 = Release|Win32
		{A94A37CC-0067-4791-BDFE-05C311B79924}.Debug.ActiveCfg = Debug|Win32
		{A94A37CC-0067-4791-BDFE-05C311B79924}.Debug.Build.0 = Debug|Win32
		{A94A37CC-0067-4791-BDFE-05C311B79924}.Release.ActiveCfg = Release|Win32
		{A94A37CC-0067-4791-BDFE-05C311B79924}.Release.Build.0 = Release|Win32
		{03FA3496-440F-4378-BA58-2F6996C81648}.Debug.ActiveCfg = Debug|Win32
		{03FA3496-440F-4378-BA58-2F6996C81648}.Debug.Build.0 = Debug|Win32
		{03FA3496-440F-4378-BA58-2F6996C81648}.Release.ActiveCfg = Release|Win32
		{03FA3496-440F-4378-BA58-2F6996C81648}.Release.Build.0 = Release|Win32
	EndGlobalSection
	GlobalSection(ExtensibilityGlobals) = postSolution
	EndGlobalSection
	GlobalSection(ExtensibilityAddIns) = postSolution
	EndGlobalSection
EndGlobal
