Microsoft Visual Studio Solution File, Format Version 8.00
Project("{8BC9CEB8-8B4A-11D0-8D11-00A0C91BC942}") = "basic", "zerofpsv2\basic\basic.vcproj", "{E41DCBE2-DA23-479E-AE6B-064A956CB3E9}"
	ProjectSection(ProjectDependencies) = postProject
	EndProjectSection
EndProject
Project("{8BC9CEB8-8B4A-11D0-8D11-00A0C91BC942}") = "engine", "zerofpsv2\engine\engine.vcproj", "{7B1956AB-8670-4D72-9E48-83B4B6FCF3EA}"
	ProjectSection(ProjectDependencies) = postProject
		{0A59B75D-F6BA-4A37-B794-534A9CBAB200} = {0A59B75D-F6BA-4A37-B794-534A9CBAB200}
		{16A13C60-A6BF-4D63-A961-A4323F2CDCDE} = {16A13C60-A6BF-4D63-A961-A4323F2CDCDE}
		{723A8EC6-4F31-4F3A-BC64-BE3364019592} = {723A8EC6-4F31-4F3A-BC64-BE3364019592}
		{D3CA29DA-E641-4C16-8795-C928A9AA0580} = {D3CA29DA-E641-4C16-8795-C928A9AA0580}
		{E41DCBE2-DA23-479E-AE6B-064A956CB3E9} = {E41DCBE2-DA23-479E-AE6B-064A956CB3E9}
	EndProjectSection
EndProject
Project("{8BC9CEB8-8B4A-11D0-8D11-00A0C91BC942}") = "gui", "zerofpsv2\gui\gui.vcproj", "{16A13C60-A6BF-4D63-A961-A4323F2CDCDE}"
	ProjectSection(ProjectDependencies) = postProject
		{0A59B75D-F6BA-4A37-B794-534A9CBAB200} = {0A59B75D-F6BA-4A37-B794-534A9CBAB200}
		{723A8EC6-4F31-4F3A-BC64-BE3364019592} = {723A8EC6-4F31-4F3A-BC64-BE3364019592}
		{E41DCBE2-DA23-479E-AE6B-064A956CB3E9} = {E41DCBE2-DA23-479E-AE6B-064A956CB3E9}
	EndProjectSection
EndProject
Project("{8BC9CEB8-8B4A-11D0-8D11-00A0C91BC942}") = "mcommon", "mcommon\mcommon.vcproj", "{A7EEB25D-E6A7-4AE4-B874-FFDA3ED71A40}"
	ProjectSection(ProjectDependencies) = postProject
	EndProjectSection
EndProject
Project("{8BC9CEB8-8B4A-11D0-8D11-00A0C91BC942}") = "mistclient", "mistclient\mistclient.vcproj", "{2236B510-6DEA-4F28-A987-8F7D2AB72EE0}"
	ProjectSection(ProjectDependencies) = postProject
		{A7EEB25D-E6A7-4AE4-B874-FFDA3ED71A40} = {A7EEB25D-E6A7-4AE4-B874-FFDA3ED71A40}
		{7B1956AB-8670-4D72-9E48-83B4B6FCF3EA} = {7B1956AB-8670-4D72-9E48-83B4B6FCF3EA}
	EndProjectSection
EndProject
Project("{8BC9CEB8-8B4A-11D0-8D11-00A0C91BC942}") = "mistserver", "mistserver\mistserver.vcproj", "{F18E9AB9-FF3F-415C-8C71-BD4C7F9D2D01}"
	ProjectSection(ProjectDependencies) = postProject
		{A7EEB25D-E6A7-4AE4-B874-FFDA3ED71A40} = {A7EEB25D-E6A7-4AE4-B874-FFDA3ED71A40}
		{7B1956AB-8670-4D72-9E48-83B4B6FCF3EA} = {7B1956AB-8670-4D72-9E48-83B4B6FCF3EA}
	EndProjectSection
EndProject
Project("{8BC9CEB8-8B4A-11D0-8D11-00A0C91BC942}") = "physics_engine", "zerofpsv2\physics_engine\physics_engine.vcproj", "{D3CA29DA-E641-4C16-8795-C928A9AA0580}"
	ProjectSection(ProjectDependencies) = postProject
		{E41DCBE2-DA23-479E-AE6B-064A956CB3E9} = {E41DCBE2-DA23-479E-AE6B-064A956CB3E9}
	EndProjectSection
EndProject
Project("{8BC9CEB8-8B4A-11D0-8D11-00A0C91BC942}") = "render", "zerofpsv2\render\render.vcproj", "{723A8EC6-4F31-4F3A-BC64-BE3364019592}"
	ProjectSection(ProjectDependencies) = postProject
		{E41DCBE2-DA23-479E-AE6B-064A956CB3E9} = {E41DCBE2-DA23-479E-AE6B-064A956CB3E9}
	EndProjectSection
EndProject
Project("{8BC9CEB8-8B4A-11D0-8D11-00A0C91BC942}") = "script", "zerofpsv2\script\script.vcproj", "{0A59B75D-F6BA-4A37-B794-534A9CBAB200}"
	ProjectSection(ProjectDependencies) = postProject
		{E41DCBE2-DA23-479E-AE6B-064A956CB3E9} = {E41DCBE2-DA23-479E-AE6B-064A956CB3E9}
	EndProjectSection
EndProject
Project("{8BC9CEB8-8B4A-11D0-8D11-00A0C91BC942}") = "src", "src.vcproj", "{CBA7F736-C94F-4767-BDE9-593BF9581489}"
	ProjectSection(ProjectDependencies) = postProject
		{2236B510-6DEA-4F28-A987-8F7D2AB72EE0} = {2236B510-6DEA-4F28-A987-8F7D2AB72EE0}
		{F18E9AB9-FF3F-415C-8C71-BD4C7F9D2D01} = {F18E9AB9-FF3F-415C-8C71-BD4C7F9D2D01}
	EndProjectSection
EndProject
Project("{8BC9CEB8-8B4A-11D0-8D11-00A0C91BC942}") = "zgresedit", "zgresedit\zgresedit.vcproj", "{BBA67F37-7316-46E3-9E5D-BA4BE9A8490B}"
	ProjectSection(ProjectDependencies) = postProject
		{16A13C60-A6BF-4D63-A961-A4323F2CDCDE} = {16A13C60-A6BF-4D63-A961-A4323F2CDCDE}
		{7B1956AB-8670-4D72-9E48-83B4B6FCF3EA} = {7B1956AB-8670-4D72-9E48-83B4B6FCF3EA}
	EndProjectSection
EndProject
Project("{8BC9CEB8-8B4A-11D0-8D11-00A0C91BC942}") = "dark_metropolis", "dark_metropolis\dark_metropolis.vcproj", "{1AEB0349-A7B5-429F-9128-1BE342C1162F}"
	ProjectSection(ProjectDependencies) = postProject
	EndProjectSection
EndProject
Global
	GlobalSection(SolutionConfiguration) = preSolution
		Debug = Debug
		Release = Release
	EndGlobalSection
	GlobalSection(ProjectConfiguration) = postSolution
		{E41DCBE2-DA23-479E-AE6B-064A956CB3E9}.Debug.ActiveCfg = Debug|Win32
		{E41DCBE2-DA23-479E-AE6B-064A956CB3E9}.Debug.Build.0 = Debug|Win32
		{E41DCBE2-DA23-479E-AE6B-064A956CB3E9}.Release.ActiveCfg = Release|Win32
		{E41DCBE2-DA23-479E-AE6B-064A956CB3E9}.Release.Build.0 = Release|Win32
		{7B1956AB-8670-4D72-9E48-83B4B6FCF3EA}.Debug.ActiveCfg = Debug|Win32
		{7B1956AB-8670-4D72-9E48-83B4B6FCF3EA}.Debug.Build.0 = Debug|Win32
		{7B1956AB-8670-4D72-9E48-83B4B6FCF3EA}.Release.ActiveCfg = Release|Win32
		{7B1956AB-8670-4D72-9E48-83B4B6FCF3EA}.Release.Build.0 = Release|Win32
		{16A13C60-A6BF-4D63-A961-A4323F2CDCDE}.Debug.ActiveCfg = Debug|Win32
		{16A13C60-A6BF-4D63-A961-A4323F2CDCDE}.Debug.Build.0 = Debug|Win32
		{16A13C60-A6BF-4D63-A961-A4323F2CDCDE}.Release.ActiveCfg = Release|Win32
		{16A13C60-A6BF-4D63-A961-A4323F2CDCDE}.Release.Build.0 = Release|Win32
		{A7EEB25D-E6A7-4AE4-B874-FFDA3ED71A40}.Debug.ActiveCfg = Debug|Win32
		{A7EEB25D-E6A7-4AE4-B874-FFDA3ED71A40}.Debug.Build.0 = Debug|Win32
		{A7EEB25D-E6A7-4AE4-B874-FFDA3ED71A40}.Release.ActiveCfg = Release|Win32
		{A7EEB25D-E6A7-4AE4-B874-FFDA3ED71A40}.Release.Build.0 = Release|Win32
		{2236B510-6DEA-4F28-A987-8F7D2AB72EE0}.Debug.ActiveCfg = Debug|Win32
		{2236B510-6DEA-4F28-A987-8F7D2AB72EE0}.Debug.Build.0 = Debug|Win32
		{2236B510-6DEA-4F28-A987-8F7D2AB72EE0}.Release.ActiveCfg = Release|Win32
		{2236B510-6DEA-4F28-A987-8F7D2AB72EE0}.Release.Build.0 = Release|Win32
		{F18E9AB9-FF3F-415C-8C71-BD4C7F9D2D01}.Debug.ActiveCfg = Debug|Win32
		{F18E9AB9-FF3F-415C-8C71-BD4C7F9D2D01}.Debug.Build.0 = Debug|Win32
		{F18E9AB9-FF3F-415C-8C71-BD4C7F9D2D01}.Release.ActiveCfg = Release|Win32
		{F18E9AB9-FF3F-415C-8C71-BD4C7F9D2D01}.Release.Build.0 = Release|Win32
		{D3CA29DA-E641-4C16-8795-C928A9AA0580}.Debug.ActiveCfg = Debug|Win32
		{D3CA29DA-E641-4C16-8795-C928A9AA0580}.Debug.Build.0 = Debug|Win32
		{D3CA29DA-E641-4C16-8795-C928A9AA0580}.Release.ActiveCfg = Release|Win32
		{D3CA29DA-E641-4C16-8795-C928A9AA0580}.Release.Build.0 = Release|Win32
		{723A8EC6-4F31-4F3A-BC64-BE3364019592}.Debug.ActiveCfg = Debug|Win32
		{723A8EC6-4F31-4F3A-BC64-BE3364019592}.Debug.Build.0 = Debug|Win32
		{723A8EC6-4F31-4F3A-BC64-BE3364019592}.Release.ActiveCfg = Release|Win32
		{723A8EC6-4F31-4F3A-BC64-BE3364019592}.Release.Build.0 = Release|Win32
		{0A59B75D-F6BA-4A37-B794-534A9CBAB200}.Debug.ActiveCfg = Debug|Win32
		{0A59B75D-F6BA-4A37-B794-534A9CBAB200}.Debug.Build.0 = Debug|Win32
		{0A59B75D-F6BA-4A37-B794-534A9CBAB200}.Release.ActiveCfg = Release|Win32
		{0A59B75D-F6BA-4A37-B794-534A9CBAB200}.Release.Build.0 = Release|Win32
		{CBA7F736-C94F-4767-BDE9-593BF9581489}.Debug.ActiveCfg = Debug|Win32
		{CBA7F736-C94F-4767-BDE9-593BF9581489}.Debug.Build.0 = Debug|Win32
		{CBA7F736-C94F-4767-BDE9-593BF9581489}.Release.ActiveCfg = Release|Win32
		{CBA7F736-C94F-4767-BDE9-593BF9581489}.Release.Build.0 = Release|Win32
		{BBA67F37-7316-46E3-9E5D-BA4BE9A8490B}.Debug.ActiveCfg = Debug|Win32
		{BBA67F37-7316-46E3-9E5D-BA4BE9A8490B}.Debug.Build.0 = Debug|Win32
		{BBA67F37-7316-46E3-9E5D-BA4BE9A8490B}.Release.ActiveCfg = Release|Win32
		{BBA67F37-7316-46E3-9E5D-BA4BE9A8490B}.Release.Build.0 = Release|Win32
		{1AEB0349-A7B5-429F-9128-1BE342C1162F}.Debug.ActiveCfg = Debug|Win32
		{1AEB0349-A7B5-429F-9128-1BE342C1162F}.Debug.Build.0 = Debug|Win32
		{1AEB0349-A7B5-429F-9128-1BE342C1162F}.Release.ActiveCfg = Release|Win32
		{1AEB0349-A7B5-429F-9128-1BE342C1162F}.Release.Build.0 = Release|Win32
	EndGlobalSection
	GlobalSection(ExtensibilityGlobals) = postSolution
	EndGlobalSection
	GlobalSection(ExtensibilityAddIns) = postSolution
	EndGlobalSection
EndGlobal
